
Microsoft Visual Studio Solution File, Format Version 12.00
# Visual Studio Version 16
VisualStudioVersion = 16.0.31005.135
MinimumVisualStudioVersion = 10.0.40219.1
Project("{FAE04EC0-301F-11D3-BF4B-00C04F79EFBC}") = "Blog-Project-MVC", "Blog-Project-MVC\Blog-Project-MVC.csproj", "{D6132A40-209E-491A-A405-C8E8DC6FCD3C}"
EndProject
Global
	GlobalSection(SolutionConfigurationPlatforms) = preSolution
		Debug|Any CPU = Debug|Any CPU
		Release|Any CPU = Release|Any CPU
	EndGlobalSection
	GlobalSection(ProjectConfigurationPlatforms) = postSolution
		{D6132A40-209E-491A-A405-C8E8DC6FCD3C}.Debug|Any CPU.ActiveCfg = Debug|Any CPU
		{D6132A40-209E-491A-A405-C8E8DC6FCD3C}.Debug|Any CPU.Build.0 = Debug|Any CPU
		{D6132A40-209E-491A-A405-C8E8DC6FCD3C}.Release|Any CPU.ActiveCfg = Release|Any CPU
		{D6132A40-209E-491A-A405-C8E8DC6FCD3C}.Release|Any CPU.Build.0 = Release|Any CPU
	EndGlobalSection
	GlobalSection(SolutionProperties) = preSolution
		HideSolutionNode = FALSE
	EndGlobalSection
	GlobalSection(ExtensibilityGlobals) = postSolution
		SolutionGuid = {D2E11042-E3BE-4C6A-9F6A-7E8C1F7CAE94}
	EndGlobalSection
EndGlobal
